
Microsoft Visual Studio Solution File, Format Version 12.00
# Visual Studio Version 17
VisualStudioVersion = 17.1.32407.343
MinimumVisualStudioVersion = 10.0.40219.1
Project("{9A19103F-16F7-4668-BE54-9A1E7A4F7556}") = "The_Fight_for_Gondor", "The_Fight_for_Gondor\The_Fight_for_Gondor.csproj", "{890E87C4-E323-4764-A646-3E2DEF68F635}"
EndProject
Project("{FAE04EC0-301F-11D3-BF4B-00C04F79EFBC}") = "Super_Mario", "Super_Mario\Super_Mario.csproj", "{A79CFD48-5AAC-4397-9E8D-563635A0ADE1}"
EndProject
Project("{FAE04EC0-301F-11D3-BF4B-00C04F79EFBC}") = "Classroom_Task", "Classroom\Classroom_Task.csproj", "{22544354-3F75-4A0D-AA36-55C1986B0E52}"
EndProject
Global
	GlobalSection(SolutionConfigurationPlatforms) = preSolution
		Debug|Any CPU = Debug|Any CPU
		Release|Any CPU = Release|Any CPU
	EndGlobalSection
	GlobalSection(ProjectConfigurationPlatforms) = postSolution
		{890E87C4-E323-4764-A646-3E2DEF68F635}.Debug|Any CPU.ActiveCfg = Debug|Any CPU
		{890E87C4-E323-4764-A646-3E2DEF68F635}.Debug|Any CPU.Build.0 = Debug|Any CPU
		{890E87C4-E323-4764-A646-3E2DEF68F635}.Release|Any CPU.ActiveCfg = Release|Any CPU
		{890E87C4-E323-4764-A646-3E2DEF68F635}.Release|Any CPU.Build.0 = Release|Any CPU
		{A79CFD48-5AAC-4397-9E8D-563635A0ADE1}.Debug|Any CPU.ActiveCfg = Debug|Any CPU
		{A79CFD48-5AAC-4397-9E8D-563635A0ADE1}.Debug|Any CPU.Build.0 = Debug|Any CPU
		{A79CFD48-5AAC-4397-9E8D-563635A0ADE1}.Release|Any CPU.ActiveCfg = Release|Any CPU
		{A79CFD48-5AAC-4397-9E8D-563635A0ADE1}.Release|Any CPU.Build.0 = Release|Any CPU
		{22544354-3F75-4A0D-AA36-55C1986B0E52}.Debug|Any CPU.ActiveCfg = Debug|Any CPU
		{22544354-3F75-4A0D-AA36-55C1986B0E52}.Debug|Any CPU.Build.0 = Debug|Any CPU
		{22544354-3F75-4A0D-AA36-55C1986B0E52}.Release|Any CPU.ActiveCfg = Release|Any CPU
		{22544354-3F75-4A0D-AA36-55C1986B0E52}.Release|Any CPU.Build.0 = Release|Any CPU
	EndGlobalSection
	GlobalSection(SolutionProperties) = preSolution
		HideSolutionNode = FALSE
	EndGlobalSection
	GlobalSection(ExtensibilityGlobals) = postSolution
		SolutionGuid = {D58051A4-0E92-4FCD-ACE9-A1568DDD7F44}
	EndGlobalSection
EndGlobal
