
Microsoft Visual Studio Solution File, Format Version 12.00
# Visual Studio Version 17
VisualStudioVersion = 17.1.32407.343
MinimumVisualStudioVersion = 10.0.40219.1
Project("{9A19103F-16F7-4668-BE54-9A1E7A4F7556}") = "Meal_Plan", "Meal_Plan\Meal_Plan.csproj", "{EBB38B2C-0CF9-4FAD-83B1-99916C2CE118}"
EndProject
Project("{FAE04EC0-301F-11D3-BF4B-00C04F79EFBC}") = "Beaver_at_Work", "Beaver_at_Work\Beaver_at_Work.csproj", "{6E7A5ECB-04E9-49C4-B873-CE179A8754F4}"
EndProject
Global
	GlobalSection(SolutionConfigurationPlatforms) = preSolution
		Debug|Any CPU = Debug|Any CPU
		Release|Any CPU = Release|Any CPU
	EndGlobalSection
	GlobalSection(ProjectConfigurationPlatforms) = postSolution
		{EBB38B2C-0CF9-4FAD-83B1-99916C2CE118}.Debug|Any CPU.ActiveCfg = Debug|Any CPU
		{EBB38B2C-0CF9-4FAD-83B1-99916C2CE118}.Debug|Any CPU.Build.0 = Debug|Any CPU
		{EBB38B2C-0CF9-4FAD-83B1-99916C2CE118}.Release|Any CPU.ActiveCfg = Release|Any CPU
		{EBB38B2C-0CF9-4FAD-83B1-99916C2CE118}.Release|Any CPU.Build.0 = Release|Any CPU
		{6E7A5ECB-04E9-49C4-B873-CE179A8754F4}.Debug|Any CPU.ActiveCfg = Debug|Any CPU
		{6E7A5ECB-04E9-49C4-B873-CE179A8754F4}.Debug|Any CPU.Build.0 = Debug|Any CPU
		{6E7A5ECB-04E9-49C4-B873-CE179A8754F4}.Release|Any CPU.ActiveCfg = Release|Any CPU
		{6E7A5ECB-04E9-49C4-B873-CE179A8754F4}.Release|Any CPU.Build.0 = Release|Any CPU
	EndGlobalSection
	GlobalSection(SolutionProperties) = preSolution
		HideSolutionNode = FALSE
	EndGlobalSection
	GlobalSection(ExtensibilityGlobals) = postSolution
		SolutionGuid = {2E922DCC-F48B-4889-9D24-8E8970472285}
	EndGlobalSection
EndGlobal
