
Microsoft Visual Studio Solution File, Format Version 12.00
# Visual Studio Version 17
VisualStudioVersion = 17.1.32407.343
MinimumVisualStudioVersion = 10.0.40219.1
Project("{FAE04EC0-301F-11D3-BF4B-00C04F79EFBC}") = "P01.Bakery_Shop", "P01.Bakery_Shop\P01.Bakery_Shop.csproj", "{D0DF485A-0963-4C4E-9F5A-55AC98726CE2}"
EndProject
Project("{FAE04EC0-301F-11D3-BF4B-00C04F79EFBC}") = "P02.Beaver_at_Work", "P02.Beaver_at_Work\P02.Beaver_at_Work.csproj", "{2F52DBE1-A7F8-4698-B66C-720D7A235240}"
EndProject
Project("{FAE04EC0-301F-11D3-BF4B-00C04F79EFBC}") = "P03.Fishing_Net", "P03.Fishing_Net\P03.Fishing_Net.csproj", "{6F9261FD-E663-4B53-9493-D6CE2D29291E}"
EndProject
Global
	GlobalSection(SolutionConfigurationPlatforms) = preSolution
		Debug|Any CPU = Debug|Any CPU
		Release|Any CPU = Release|Any CPU
	EndGlobalSection
	GlobalSection(ProjectConfigurationPlatforms) = postSolution
		{D0DF485A-0963-4C4E-9F5A-55AC98726CE2}.Debug|Any CPU.ActiveCfg = Debug|Any CPU
		{D0DF485A-0963-4C4E-9F5A-55AC98726CE2}.Debug|Any CPU.Build.0 = Debug|Any CPU
		{D0DF485A-0963-4C4E-9F5A-55AC98726CE2}.Release|Any CPU.ActiveCfg = Release|Any CPU
		{D0DF485A-0963-4C4E-9F5A-55AC98726CE2}.Release|Any CPU.Build.0 = Release|Any CPU
		{2F52DBE1-A7F8-4698-B66C-720D7A235240}.Debug|Any CPU.ActiveCfg = Debug|Any CPU
		{2F52DBE1-A7F8-4698-B66C-720D7A235240}.Debug|Any CPU.Build.0 = Debug|Any CPU
		{2F52DBE1-A7F8-4698-B66C-720D7A235240}.Release|Any CPU.ActiveCfg = Release|Any CPU
		{2F52DBE1-A7F8-4698-B66C-720D7A235240}.Release|Any CPU.Build.0 = Release|Any CPU
		{6F9261FD-E663-4B53-9493-D6CE2D29291E}.Debug|Any CPU.ActiveCfg = Debug|Any CPU
		{6F9261FD-E663-4B53-9493-D6CE2D29291E}.Debug|Any CPU.Build.0 = Debug|Any CPU
		{6F9261FD-E663-4B53-9493-D6CE2D29291E}.Release|Any CPU.ActiveCfg = Release|Any CPU
		{6F9261FD-E663-4B53-9493-D6CE2D29291E}.Release|Any CPU.Build.0 = Release|Any CPU
	EndGlobalSection
	GlobalSection(SolutionProperties) = preSolution
		HideSolutionNode = FALSE
	EndGlobalSection
	GlobalSection(ExtensibilityGlobals) = postSolution
		SolutionGuid = {8DF98306-C27D-4BF7-A355-322A0E40E7F1}
	EndGlobalSection
EndGlobal
